// !$*UTF8*$!
{
	archiveVersion = 1;
	classes = {
	};
	objectVersion = 77;
	objects = {

/* Begin PBXBuildFile section */
		3D2827B92D1BC13B009A851B /* DreamAndTagEntity+CoreDataClass.swift in Sources */ = {isa = PBXBuildFile; fileRef = 3D2827B32D1BC13B009A851B /* DreamAndTagEntity+CoreDataClass.swift */; };
		3D2827BA2D1BC13B009A851B /* DreamTagEntity+CoreDataClass.swift in Sources */ = {isa = PBXBuildFile; fileRef = 3D2827B72D1BC13B009A851B /* DreamTagEntity+CoreDataClass.swift */; };
		3D2827BD2D1BC13B009A851B /* DreamEntity+CoreDataClass.swift in Sources */ = {isa = PBXBuildFile; fileRef = 3D2827B52D1BC13B009A851B /* DreamEntity+CoreDataClass.swift */; };
		3D87F73E2D2CCB4F00BCE483 /* FSCalendar in Frameworks */ = {isa = PBXBuildFile; productRef = 3D87F73D2D2CCB4F00BCE483 /* FSCalendar */; };
/* End PBXBuildFile section */

/* Begin PBXContainerItemProxy section */
		3D2079A82D18DC5D00E3DD04 /* PBXContainerItemProxy */ = {
			isa = PBXContainerItemProxy;
			containerPortal = 3D2079852D18DC5C00E3DD04 /* Project object */;
			proxyType = 1;
			remoteGlobalIDString = 3D20798C2D18DC5C00E3DD04;
			remoteInfo = kkumku;
		};
		3D2079B22D18DC5D00E3DD04 /* PBXContainerItemProxy */ = {
			isa = PBXContainerItemProxy;
			containerPortal = 3D2079852D18DC5C00E3DD04 /* Project object */;
			proxyType = 1;
			remoteGlobalIDString = 3D20798C2D18DC5C00E3DD04;
			remoteInfo = kkumku;
		};
/* End PBXContainerItemProxy section */

/* Begin PBXFileReference section */
		3D20798D2D18DC5C00E3DD04 /* kkumku.app */ = {isa = PBXFileReference; explicitFileType = wrapper.application; includeInIndex = 0; path = kkumku.app; sourceTree = BUILT_PRODUCTS_DIR; };
		3D2079A72D18DC5D00E3DD04 /* kkumkuTests.xctest */ = {isa = PBXFileReference; explicitFileType = wrapper.cfbundle; includeInIndex = 0; path = kkumkuTests.xctest; sourceTree = BUILT_PRODUCTS_DIR; };
		3D2079B12D18DC5D00E3DD04 /* kkumkuUITests.xctest */ = {isa = PBXFileReference; explicitFileType = wrapper.cfbundle; includeInIndex = 0; path = kkumkuUITests.xctest; sourceTree = BUILT_PRODUCTS_DIR; };
		3D2827B32D1BC13B009A851B /* DreamAndTagEntity+CoreDataClass.swift */ = {isa = PBXFileReference; lastKnownFileType = sourcecode.swift; name = "DreamAndTagEntity+CoreDataClass.swift"; path = "kkumku/Persistence/Entities/DreamAndTagEntity+CoreDataClass.swift"; sourceTree = "<group>"; };
		3D2827B52D1BC13B009A851B /* DreamEntity+CoreDataClass.swift */ = {isa = PBXFileReference; lastKnownFileType = sourcecode.swift; name = "DreamEntity+CoreDataClass.swift"; path = "kkumku/Persistence/Entities/DreamEntity+CoreDataClass.swift"; sourceTree = "<group>"; };
		3D2827B72D1BC13B009A851B /* DreamTagEntity+CoreDataClass.swift */ = {isa = PBXFileReference; lastKnownFileType = sourcecode.swift; name = "DreamTagEntity+CoreDataClass.swift"; path = "kkumku/Persistence/Entities/DreamTagEntity+CoreDataClass.swift"; sourceTree = "<group>"; };
/* End PBXFileReference section */

/* Begin PBXFileSystemSynchronizedBuildFileExceptionSet section */
		3D2079B92D18DC5D00E3DD04 /* Exceptions for "kkumku" folder in "kkumku" target */ = {
			isa = PBXFileSystemSynchronizedBuildFileExceptionSet;
			membershipExceptions = (
				Info.plist,
			);
			target = 3D20798C2D18DC5C00E3DD04 /* kkumku */;
		};
/* End PBXFileSystemSynchronizedBuildFileExceptionSet section */

/* Begin PBXFileSystemSynchronizedRootGroup section */
		3D20798F2D18DC5C00E3DD04 /* kkumku */ = {
			isa = PBXFileSystemSynchronizedRootGroup;
			exceptions = (
				3D2079B92D18DC5D00E3DD04 /* Exceptions for "kkumku" folder in "kkumku" target */,
			);
			path = kkumku;
			sourceTree = "<group>";
		};
		3D2079AA2D18DC5D00E3DD04 /* kkumkuTests */ = {
			isa = PBXFileSystemSynchronizedRootGroup;
			path = kkumkuTests;
			sourceTree = "<group>";
		};
		3D2079B42D18DC5D00E3DD04 /* kkumkuUITests */ = {
			isa = PBXFileSystemSynchronizedRootGroup;
			path = kkumkuUITests;
			sourceTree = "<group>";
		};
/* End PBXFileSystemSynchronizedRootGroup section */

/* Begin PBXFrameworksBuildPhase section */
		3D20798A2D18DC5C00E3DD04 /* Frameworks */ = {
			isa = PBXFrameworksBuildPhase;
			buildActionMask = 2147483647;
			files = (
				3D87F73E2D2CCB4F00BCE483 /* FSCalendar in Frameworks */,
			);
			runOnlyForDeploymentPostprocessing = 0;
		};
		3D2079A42D18DC5D00E3DD04 /* Frameworks */ = {
			isa = PBXFrameworksBuildPhase;
			buildActionMask = 2147483647;
			files = (
			);
			runOnlyForDeploymentPostprocessing = 0;
		};
		3D2079AE2D18DC5D00E3DD04 /* Frameworks */ = {
			isa = PBXFrameworksBuildPhase;
			buildActionMask = 2147483647;
			files = (
			);
			runOnlyForDeploymentPostprocessing = 0;
		};
/* End PBXFrameworksBuildPhase section */

/* Begin PBXGroup section */
		3D2079842D18DC5C00E3DD04 = {
			isa = PBXGroup;
			children = (
				3D2827B32D1BC13B009A851B /* DreamAndTagEntity+CoreDataClass.swift */,
				3D2827B52D1BC13B009A851B /* DreamEntity+CoreDataClass.swift */,
				3D2827B72D1BC13B009A851B /* DreamTagEntity+CoreDataClass.swift */,
				3D20798F2D18DC5C00E3DD04 /* kkumku */,
				3D2079AA2D18DC5D00E3DD04 /* kkumkuTests */,
				3D2079B42D18DC5D00E3DD04 /* kkumkuUITests */,
				3D87F73C2D2CCB4F00BCE483 /* Frameworks */,
				3D20798E2D18DC5C00E3DD04 /* Products */,
			);
			sourceTree = "<group>";
		};
		3D20798E2D18DC5C00E3DD04 /* Products */ = {
			isa = PBXGroup;
			children = (
				3D20798D2D18DC5C00E3DD04 /* kkumku.app */,
				3D2079A72D18DC5D00E3DD04 /* kkumkuTests.xctest */,
				3D2079B12D18DC5D00E3DD04 /* kkumkuUITests.xctest */,
			);
			name = Products;
			sourceTree = "<group>";
		};
		3D87F73C2D2CCB4F00BCE483 /* Frameworks */ = {
			isa = PBXGroup;
			children = (
			);
			name = Frameworks;
			sourceTree = "<group>";
		};
/* End PBXGroup section */

/* Begin PBXNativeTarget section */
		3D20798C2D18DC5C00E3DD04 /* kkumku */ = {
			isa = PBXNativeTarget;
			buildConfigurationList = 3D2079BA2D18DC5D00E3DD04 /* Build configuration list for PBXNativeTarget "kkumku" */;
			buildPhases = (
				3D2079892D18DC5C00E3DD04 /* Sources */,
				3D20798A2D18DC5C00E3DD04 /* Frameworks */,
				3D20798B2D18DC5C00E3DD04 /* Resources */,
			);
			buildRules = (
			);
			dependencies = (
			);
			fileSystemSynchronizedGroups = (
				3D20798F2D18DC5C00E3DD04 /* kkumku */,
			);
			name = kkumku;
			packageProductDependencies = (
				3D87F73D2D2CCB4F00BCE483 /* FSCalendar */,
			);
			productName = kkumku;
			productReference = 3D20798D2D18DC5C00E3DD04 /* kkumku.app */;
			productType = "com.apple.product-type.application";
		};
		3D2079A62D18DC5D00E3DD04 /* kkumkuTests */ = {
			isa = PBXNativeTarget;
			buildConfigurationList = 3D2079BF2D18DC5D00E3DD04 /* Build configuration list for PBXNativeTarget "kkumkuTests" */;
			buildPhases = (
				3D2079A32D18DC5D00E3DD04 /* Sources */,
				3D2079A42D18DC5D00E3DD04 /* Frameworks */,
				3D2079A52D18DC5D00E3DD04 /* Resources */,
			);
			buildRules = (
			);
			dependencies = (
				3D2079A92D18DC5D00E3DD04 /* PBXTargetDependency */,
			);
			fileSystemSynchronizedGroups = (
				3D2079AA2D18DC5D00E3DD04 /* kkumkuTests */,
			);
			name = kkumkuTests;
			packageProductDependencies = (
			);
			productName = kkumkuTests;
			productReference = 3D2079A72D18DC5D00E3DD04 /* kkumkuTests.xctest */;
			productType = "com.apple.product-type.bundle.unit-test";
		};
		3D2079B02D18DC5D00E3DD04 /* kkumkuUITests */ = {
			isa = PBXNativeTarget;
			buildConfigurationList = 3D2079C22D18DC5D00E3DD04 /* Build configuration list for PBXNativeTarget "kkumkuUITests" */;
			buildPhases = (
				3D2079AD2D18DC5D00E3DD04 /* Sources */,
				3D2079AE2D18DC5D00E3DD04 /* Frameworks */,
				3D2079AF2D18DC5D00E3DD04 /* Resources */,
			);
			buildRules = (
			);
			dependencies = (
				3D2079B32D18DC5D00E3DD04 /* PBXTargetDependency */,
			);
			fileSystemSynchronizedGroups = (
				3D2079B42D18DC5D00E3DD04 /* kkumkuUITests */,
			);
			name = kkumkuUITests;
			packageProductDependencies = (
			);
			productName = kkumkuUITests;
			productReference = 3D2079B12D18DC5D00E3DD04 /* kkumkuUITests.xctest */;
			productType = "com.apple.product-type.bundle.ui-testing";
		};
/* End PBXNativeTarget section */

/* Begin PBXProject section */
		3D2079852D18DC5C00E3DD04 /* Project object */ = {
			isa = PBXProject;
			attributes = {
				BuildIndependentTargetsInParallel = 1;
				LastSwiftUpdateCheck = 1600;
				LastUpgradeCheck = 1600;
				TargetAttributes = {
					3D20798C2D18DC5C00E3DD04 = {
						CreatedOnToolsVersion = 16.0;
					};
					3D2079A62D18DC5D00E3DD04 = {
						CreatedOnToolsVersion = 16.0;
						TestTargetID = 3D20798C2D18DC5C00E3DD04;
					};
					3D2079B02D18DC5D00E3DD04 = {
						CreatedOnToolsVersion = 16.0;
						TestTargetID = 3D20798C2D18DC5C00E3DD04;
					};
				};
			};
			buildConfigurationList = 3D2079882D18DC5C00E3DD04 /* Build configuration list for PBXProject "kkumku" */;
			developmentRegion = ko;
			hasScannedForEncodings = 0;
			knownRegions = (
				Base,
				ko,
			);
			mainGroup = 3D2079842D18DC5C00E3DD04;
			minimizedProjectReferenceProxies = 1;
			packageReferences = (
				3D87F73B2D2CC97300BCE483 /* XCRemoteSwiftPackageReference "FSCalendar" */,
			);
			preferredProjectObjectVersion = 77;
			productRefGroup = 3D20798E2D18DC5C00E3DD04 /* Products */;
			projectDirPath = "";
			projectRoot = "";
			targets = (
				3D20798C2D18DC5C00E3DD04 /* kkumku */,
				3D2079A62D18DC5D00E3DD04 /* kkumkuTests */,
				3D2079B02D18DC5D00E3DD04 /* kkumkuUITests */,
			);
		};
/* End PBXProject section */

/* Begin PBXResourcesBuildPhase section */
		3D20798B2D18DC5C00E3DD04 /* Resources */ = {
			isa = PBXResourcesBuildPhase;
			buildActionMask = 2147483647;
			files = (
			);
			runOnlyForDeploymentPostprocessing = 0;
		};
		3D2079A52D18DC5D00E3DD04 /* Resources */ = {
			isa = PBXResourcesBuildPhase;
			buildActionMask = 2147483647;
			files = (
			);
			runOnlyForDeploymentPostprocessing = 0;
		};
		3D2079AF2D18DC5D00E3DD04 /* Resources */ = {
			isa = PBXResourcesBuildPhase;
			buildActionMask = 2147483647;
			files = (
			);
			runOnlyForDeploymentPostprocessing = 0;
		};
/* End PBXResourcesBuildPhase section */

/* Begin PBXSourcesBuildPhase section */
		3D2079892D18DC5C00E3DD04 /* Sources */ = {
			isa = PBXSourcesBuildPhase;
			buildActionMask = 2147483647;
			files = (
				3D2827B92D1BC13B009A851B /* DreamAndTagEntity+CoreDataClass.swift in Sources */,
				3D2827BA2D1BC13B009A851B /* DreamTagEntity+CoreDataClass.swift in Sources */,
				3D2827BD2D1BC13B009A851B /* DreamEntity+CoreDataClass.swift in Sources */,
			);
			runOnlyForDeploymentPostprocessing = 0;
		};
		3D2079A32D18DC5D00E3DD04 /* Sources */ = {
			isa = PBXSourcesBuildPhase;
			buildActionMask = 2147483647;
			files = (
			);
			runOnlyForDeploymentPostprocessing = 0;
		};
		3D2079AD2D18DC5D00E3DD04 /* Sources */ = {
			isa = PBXSourcesBuildPhase;
			buildActionMask = 2147483647;
			files = (
			);
			runOnlyForDeploymentPostprocessing = 0;
		};
/* End PBXSourcesBuildPhase section */

/* Begin PBXTargetDependency section */
		3D2079A92D18DC5D00E3DD04 /* PBXTargetDependency */ = {
			isa = PBXTargetDependency;
			target = 3D20798C2D18DC5C00E3DD04 /* kkumku */;
			targetProxy = 3D2079A82D18DC5D00E3DD04 /* PBXContainerItemProxy */;
		};
		3D2079B32D18DC5D00E3DD04 /* PBXTargetDependency */ = {
			isa = PBXTargetDependency;
			target = 3D20798C2D18DC5C00E3DD04 /* kkumku */;
			targetProxy = 3D2079B22D18DC5D00E3DD04 /* PBXContainerItemProxy */;
		};
/* End PBXTargetDependency section */

/* Begin XCBuildConfiguration section */
		3D2079BB2D18DC5D00E3DD04 /* Debug */ = {
			isa = XCBuildConfiguration;
			buildSettings = {
				ASSETCATALOG_COMPILER_APPICON_NAME = AppIcon;
				ASSETCATALOG_COMPILER_GLOBAL_ACCENT_COLOR_NAME = AccentColor;
				CODE_SIGN_ENTITLEMENTS = kkumku/kkumku.entitlements;
				CODE_SIGN_STYLE = Automatic;
				CURRENT_PROJECT_VERSION = 1;
				DEVELOPMENT_TEAM = XS9UN8F2AX;
				GENERATE_INFOPLIST_FILE = YES;
				INFOPLIST_FILE = kkumku/Info.plist;
				INFOPLIST_KEY_CFBundleDisplayName = "꿈꾸";
				INFOPLIST_KEY_UIApplicationSupportsIndirectInputEvents = YES;
				INFOPLIST_KEY_UILaunchStoryboardName = LaunchScreen;
				INFOPLIST_KEY_UIMainStoryboardFile = Main;
				INFOPLIST_KEY_UISupportedInterfaceOrientations_iPad = "UIInterfaceOrientationPortrait UIInterfaceOrientationPortraitUpsideDown UIInterfaceOrientationLandscapeLeft UIInterfaceOrientationLandscapeRight";
				INFOPLIST_KEY_UISupportedInterfaceOrientations_iPhone = "UIInterfaceOrientationPortrait UIInterfaceOrientationLandscapeLeft UIInterfaceOrientationLandscapeRight";
				IPHONEOS_DEPLOYMENT_TARGET = 16.6;
				LD_RUNPATH_SEARCH_PATHS = (
					"$(inherited)",
					"@executable_path/Frameworks",
				);
				MARKETING_VERSION = 0.0.2;
				PRODUCT_BUNDLE_IDENTIFIER = com.youngtaek.kkumku;
				PRODUCT_NAME = "$(TARGET_NAME)";
				SUPPORTED_PLATFORMS = "iphoneos iphonesimulator";
				SUPPORTS_MACCATALYST = NO;
				SUPPORTS_MAC_DESIGNED_FOR_IPHONE_IPAD = YES;
				SUPPORTS_XR_DESIGNED_FOR_IPHONE_IPAD = YES;
				SWIFT_EMIT_LOC_STRINGS = YES;
				SWIFT_VERSION = 5.0;
				TARGETED_DEVICE_FAMILY = 1;
			};
			name = Debug;
		};
		3D2079BC2D18DC5D00E3DD04 /* Release */ = {
			isa = XCBuildConfiguration;
			buildSettings = {
				ASSETCATALOG_COMPILER_APPICON_NAME = AppIcon;
				ASSETCATALOG_COMPILER_GLOBAL_ACCENT_COLOR_NAME = AccentColor;
				CODE_SIGN_ENTITLEMENTS = kkumku/kkumku.entitlements;
				CODE_SIGN_STYLE = Automatic;
				CURRENT_PROJECT_VERSION = 1;
				DEVELOPMENT_TEAM = XS9UN8F2AX;
				GENERATE_INFOPLIST_FILE = YES;
				INFOPLIST_FILE = kkumku/Info.plist;
				INFOPLIST_KEY_CFBundleDisplayName = "꿈꾸";
				INFOPLIST_KEY_UIApplicationSupportsIndirectInputEvents = YES;
				INFOPLIST_KEY_UILaunchStoryboardName = LaunchScreen;
				INFOPLIST_KEY_UIMainStoryboardFile = Main;
				INFOPLIST_KEY_UISupportedInterfaceOrientations_iPad = "UIInterfaceOrientationPortrait UIInterfaceOrientationPortraitUpsideDown UIInterfaceOrientationLandscapeLeft UIInterfaceOrientationLandscapeRight";
				INFOPLIST_KEY_UISupportedInterfaceOrientations_iPhone = "UIInterfaceOrientationPortrait UIInterfaceOrientationLandscapeLeft UIInterfaceOrientationLandscapeRight";
				IPHONEOS_DEPLOYMENT_TARGET = 16.6;
				LD_RUNPATH_SEARCH_PATHS = (
					"$(inherited)",
					"@executable_path/Frameworks",
				);
				MARKETING_VERSION = 0.0.2;
				PRODUCT_BUNDLE_IDENTIFIER = com.youngtaek.kkumku;
				PRODUCT_NAME = "$(TARGET_NAME)";
				SUPPORTED_PLATFORMS = "iphoneos iphonesimulator";
				SUPPORTS_MACCATALYST = NO;
				SUPPORTS_MAC_DESIGNED_FOR_IPHONE_IPAD = YES;
				SUPPORTS_XR_DESIGNED_FOR_IPHONE_IPAD = YES;
				SWIFT_EMIT_LOC_STRINGS = YES;
				SWIFT_VERSION = 5.0;
				TARGETED_DEVICE_FAMILY = 1;
			};
			name = Release;
		};
		3D2079BD2D18DC5D00E3DD04 /* Debug */ = {
			isa = XCBuildConfiguration;
			buildSettings = {
				ALWAYS_SEARCH_USER_PATHS = NO;
				ASSETCATALOG_COMPILER_GENERATE_SWIFT_ASSET_SYMBOL_EXTENSIONS = YES;
				CLANG_ANALYZER_LOCALIZABILITY_NONLOCALIZED = YES;
				CLANG_ANALYZER_NONNULL = YES;
				CLANG_ANALYZER_NUMBER_OBJECT_CONVERSION = YES_AGGRESSIVE;
				CLANG_CXX_LANGUAGE_STANDARD = "gnu++20";
				CLANG_ENABLE_MODULES = YES;
				CLANG_ENABLE_OBJC_ARC = YES;
				CLANG_ENABLE_OBJC_WEAK = YES;
				CLANG_WARN_BLOCK_CAPTURE_AUTORELEASING = YES;
				CLANG_WARN_BOOL_CONVERSION = YES;
				CLANG_WARN_COMMA = YES;
				CLANG_WARN_CONSTANT_CONVERSION = YES;
				CLANG_WARN_DEPRECATED_OBJC_IMPLEMENTATIONS = YES;
				CLANG_WARN_DIRECT_OBJC_ISA_USAGE = YES_ERROR;
				CLANG_WARN_DOCUMENTATION_COMMENTS = YES;
				CLANG_WARN_EMPTY_BODY = YES;
				CLANG_WARN_ENUM_CONVERSION = YES;
				CLANG_WARN_INFINITE_RECURSION = YES;
				CLANG_WARN_INT_CONVERSION = YES;
				CLANG_WARN_NON_LITERAL_NULL_CONVERSION = YES;
				CLANG_WARN_OBJC_IMPLICIT_RETAIN_SELF = YES;
				CLANG_WARN_OBJC_LITERAL_CONVERSION = YES;
				CLANG_WARN_OBJC_ROOT_CLASS = YES_ERROR;
				CLANG_WARN_QUOTED_INCLUDE_IN_FRAMEWORK_HEADER = YES;
				CLANG_WARN_RANGE_LOOP_ANALYSIS = YES;
				CLANG_WARN_STRICT_PROTOTYPES = YES;
				CLANG_WARN_SUSPICIOUS_MOVE = YES;
				CLANG_WARN_UNGUARDED_AVAILABILITY = YES_AGGRESSIVE;
				CLANG_WARN_UNREACHABLE_CODE = YES;
				CLANG_WARN__DUPLICATE_METHOD_MATCH = YES;
				COPY_PHASE_STRIP = NO;
				DEBUG_INFORMATION_FORMAT = dwarf;
				ENABLE_STRICT_OBJC_MSGSEND = YES;
				ENABLE_TESTABILITY = YES;
				ENABLE_USER_SCRIPT_SANDBOXING = YES;
				GCC_C_LANGUAGE_STANDARD = gnu17;
				GCC_DYNAMIC_NO_PIC = NO;
				GCC_NO_COMMON_BLOCKS = YES;
				GCC_OPTIMIZATION_LEVEL = 0;
				GCC_PREPROCESSOR_DEFINITIONS = (
					"DEBUG=1",
					"$(inherited)",
				);
				GCC_WARN_64_TO_32_BIT_CONVERSION = YES;
				GCC_WARN_ABOUT_RETURN_TYPE = YES_ERROR;
				GCC_WARN_UNDECLARED_SELECTOR = YES;
				GCC_WARN_UNINITIALIZED_AUTOS = YES_AGGRESSIVE;
				GCC_WARN_UNUSED_FUNCTION = YES;
				GCC_WARN_UNUSED_VARIABLE = YES;
				IPHONEOS_DEPLOYMENT_TARGET = 18.0;
				LOCALIZATION_PREFERS_STRING_CATALOGS = YES;
				MTL_ENABLE_DEBUG_INFO = INCLUDE_SOURCE;
				MTL_FAST_MATH = YES;
				ONLY_ACTIVE_ARCH = YES;
				SDKROOT = iphoneos;
				SWIFT_ACTIVE_COMPILATION_CONDITIONS = "DEBUG $(inherited)";
				SWIFT_OPTIMIZATION_LEVEL = "-Onone";
			};
			name = Debug;
		};
		3D2079BE2D18DC5D00E3DD04 /* Release */ = {
			isa = XCBuildConfiguration;
			buildSettings = {
				ALWAYS_SEARCH_USER_PATHS = NO;
				ASSETCATALOG_COMPILER_GENERATE_SWIFT_ASSET_SYMBOL_EXTENSIONS = YES;
				CLANG_ANALYZER_LOCALIZABILITY_NONLOCALIZED = YES;
				CLANG_ANALYZER_NONNULL = YES;
				CLANG_ANALYZER_NUMBER_OBJECT_CONVERSION = YES_AGGRESSIVE;
				CLANG_CXX_LANGUAGE_STANDARD = "gnu++20";
				CLANG_ENABLE_MODULES = YES;
				CLANG_ENABLE_OBJC_ARC = YES;
				CLANG_ENABLE_OBJC_WEAK = YES;
				CLANG_WARN_BLOCK_CAPTURE_AUTORELEASING = YES;
				CLANG_WARN_BOOL_CONVERSION = YES;
				CLANG_WARN_COMMA = YES;
				CLANG_WARN_CONSTANT_CONVERSION = YES;
				CLANG_WARN_DEPRECATED_OBJC_IMPLEMENTATIONS = YES;
				CLANG_WARN_DIRECT_OBJC_ISA_USAGE = YES_ERROR;
				CLANG_WARN_DOCUMENTATION_COMMENTS = YES;
				CLANG_WARN_EMPTY_BODY = YES;
				CLANG_WARN_ENUM_CONVERSION = YES;
				CLANG_WARN_INFINITE_RECURSION = YES;
				CLANG_WARN_INT_CONVERSION = YES;
				CLANG_WARN_NON_LITERAL_NULL_CONVERSION = YES;
				CLANG_WARN_OBJC_IMPLICIT_RETAIN_SELF = YES;
				CLANG_WARN_OBJC_LITERAL_CONVERSION = YES;
				CLANG_WARN_OBJC_ROOT_CLASS = YES_ERROR;
				CLANG_WARN_QUOTED_INCLUDE_IN_FRAMEWORK_HEADER = YES;
				CLANG_WARN_RANGE_LOOP_ANALYSIS = YES;
				CLANG_WARN_STRICT_PROTOTYPES = YES;
				CLANG_WARN_SUSPICIOUS_MOVE = YES;
				CLANG_WARN_UNGUARDED_AVAILABILITY = YES_AGGRESSIVE;
				CLANG_WARN_UNREACHABLE_CODE = YES;
				CLANG_WARN__DUPLICATE_METHOD_MATCH = YES;
				COPY_PHASE_STRIP = NO;
				DEBUG_INFORMATION_FORMAT = "dwarf-with-dsym";
				ENABLE_NS_ASSERTIONS = NO;
				ENABLE_STRICT_OBJC_MSGSEND = YES;
				ENABLE_USER_SCRIPT_SANDBOXING = YES;
				GCC_C_LANGUAGE_STANDARD = gnu17;
				GCC_NO_COMMON_BLOCKS = YES;
				GCC_WARN_64_TO_32_BIT_CONVERSION = YES;
				GCC_WARN_ABOUT_RETURN_TYPE = YES_ERROR;
				GCC_WARN_UNDECLARED_SELECTOR = YES;
				GCC_WARN_UNINITIALIZED_AUTOS = YES_AGGRESSIVE;
				GCC_WARN_UNUSED_FUNCTION = YES;
				GCC_WARN_UNUSED_VARIABLE = YES;
				IPHONEOS_DEPLOYMENT_TARGET = 18.0;
				LOCALIZATION_PREFERS_STRING_CATALOGS = YES;
				MTL_ENABLE_DEBUG_INFO = NO;
				MTL_FAST_MATH = YES;
				SDKROOT = iphoneos;
				SWIFT_COMPILATION_MODE = wholemodule;
				VALIDATE_PRODUCT = YES;
			};
			name = Release;
		};
		3D2079C02D18DC5D00E3DD04 /* Debug */ = {
			isa = XCBuildConfiguration;
			buildSettings = {
				BUNDLE_LOADER = "$(TEST_HOST)";
				CODE_SIGN_STYLE = Automatic;
				CURRENT_PROJECT_VERSION = 1;
				DEVELOPMENT_TEAM = XS9UN8F2AX;
				GENERATE_INFOPLIST_FILE = YES;
				IPHONEOS_DEPLOYMENT_TARGET = 18.0;
				MARKETING_VERSION = 1.0;
				PRODUCT_BUNDLE_IDENTIFIER = com.youngtaek.kkumkuTests;
				PRODUCT_NAME = "$(TARGET_NAME)";
				SWIFT_EMIT_LOC_STRINGS = NO;
				SWIFT_VERSION = 5.0;
				TARGETED_DEVICE_FAMILY = "1,2";
				TEST_HOST = "$(BUILT_PRODUCTS_DIR)/kkumku.app/$(BUNDLE_EXECUTABLE_FOLDER_PATH)/kkumku";
			};
			name = Debug;
		};
		3D2079C12D18DC5D00E3DD04 /* Release */ = {
			isa = XCBuildConfiguration;
			buildSettings = {
				BUNDLE_LOADER = "$(TEST_HOST)";
				CODE_SIGN_STYLE = Automatic;
				CURRENT_PROJECT_VERSION = 1;
				DEVELOPMENT_TEAM = XS9UN8F2AX;
				GENERATE_INFOPLIST_FILE = YES;
				IPHONEOS_DEPLOYMENT_TARGET = 18.0;
				MARKETING_VERSION = 1.0;
				PRODUCT_BUNDLE_IDENTIFIER = com.youngtaek.kkumkuTests;
				PRODUCT_NAME = "$(TARGET_NAME)";
				SWIFT_EMIT_LOC_STRINGS = NO;
				SWIFT_VERSION = 5.0;
				TARGETED_DEVICE_FAMILY = "1,2";
				TEST_HOST = "$(BUILT_PRODUCTS_DIR)/kkumku.app/$(BUNDLE_EXECUTABLE_FOLDER_PATH)/kkumku";
			};
			name = Release;
		};
		3D2079C32D18DC5D00E3DD04 /* Debug */ = {
			isa = XCBuildConfiguration;
			buildSettings = {
				CODE_SIGN_STYLE = Automatic;
				CURRENT_PROJECT_VERSION = 1;
				DEVELOPMENT_TEAM = XS9UN8F2AX;
				GENERATE_INFOPLIST_FILE = YES;
				MARKETING_VERSION = 1.0;
				PRODUCT_BUNDLE_IDENTIFIER = com.youngtaek.kkumkuUITests;
				PRODUCT_NAME = "$(TARGET_NAME)";
				SWIFT_EMIT_LOC_STRINGS = NO;
				SWIFT_VERSION = 5.0;
				TARGETED_DEVICE_FAMILY = "1,2";
				TEST_TARGET_NAME = kkumku;
			};
			name = Debug;
		};
		3D2079C42D18DC5D00E3DD04 /* Release */ = {
			isa = XCBuildConfiguration;
			buildSettings = {
				CODE_SIGN_STYLE = Automatic;
				CURRENT_PROJECT_VERSION = 1;
				DEVELOPMENT_TEAM = XS9UN8F2AX;
				GENERATE_INFOPLIST_FILE = YES;
				MARKETING_VERSION = 1.0;
				PRODUCT_BUNDLE_IDENTIFIER = com.youngtaek.kkumkuUITests;
				PRODUCT_NAME = "$(TARGET_NAME)";
				SWIFT_EMIT_LOC_STRINGS = NO;
				SWIFT_VERSION = 5.0;
				TARGETED_DEVICE_FAMILY = "1,2";
				TEST_TARGET_NAME = kkumku;
			};
			name = Release;
		};
/* End XCBuildConfiguration section */

/* Begin XCConfigurationList section */
		3D2079882D18DC5C00E3DD04 /* Build configuration list for PBXProject "kkumku" */ = {
			isa = XCConfigurationList;
			buildConfigurations = (
				3D2079BD2D18DC5D00E3DD04 /* Debug */,
				3D2079BE2D18DC5D00E3DD04 /* Release */,
			);
			defaultConfigurationIsVisible = 0;
			defaultConfigurationName = Release;
		};
		3D2079BA2D18DC5D00E3DD04 /* Build configuration list for PBXNativeTarget "kkumku" */ = {
			isa = XCConfigurationList;
			buildConfigurations = (
				3D2079BB2D18DC5D00E3DD04 /* Debug */,
				3D2079BC2D18DC5D00E3DD04 /* Release */,
			);
			defaultConfigurationIsVisible = 0;
			defaultConfigurationName = Release;
		};
		3D2079BF2D18DC5D00E3DD04 /* Build configuration list for PBXNativeTarget "kkumkuTests" */ = {
			isa = XCConfigurationList;
			buildConfigurations = (
				3D2079C02D18DC5D00E3DD04 /* Debug */,
				3D2079C12D18DC5D00E3DD04 /* Release */,
			);
			defaultConfigurationIsVisible = 0;
			defaultConfigurationName = Release;
		};
		3D2079C22D18DC5D00E3DD04 /* Build configuration list for PBXNativeTarget "kkumkuUITests" */ = {
			isa = XCConfigurationList;
			buildConfigurations = (
				3D2079C32D18DC5D00E3DD04 /* Debug */,
				3D2079C42D18DC5D00E3DD04 /* Release */,
			);
			defaultConfigurationIsVisible = 0;
			defaultConfigurationName = Release;
		};
/* End XCConfigurationList section */

/* Begin XCRemoteSwiftPackageReference section */
		3D87F73B2D2CC97300BCE483 /* XCRemoteSwiftPackageReference "FSCalendar" */ = {
			isa = XCRemoteSwiftPackageReference;
			repositoryURL = "https://github.com/WenchaoD/FSCalendar.git";
			requirement = {
				kind = exactVersion;
				version = 2.8.4;
			};
		};
/* End XCRemoteSwiftPackageReference section */

/* Begin XCSwiftPackageProductDependency section */
		3D87F73D2D2CCB4F00BCE483 /* FSCalendar */ = {
			isa = XCSwiftPackageProductDependency;
			package = 3D87F73B2D2CC97300BCE483 /* XCRemoteSwiftPackageReference "FSCalendar" */;
			productName = FSCalendar;
		};
/* End XCSwiftPackageProductDependency section */
	};
	rootObject = 3D2079852D18DC5C00E3DD04 /* Project object */;
}
